
Microsoft Visual Studio Solution File, Format Version 12.00
# Visual Studio 15
Project("{FAE04EC0-301F-11D3-BF4B-00C04F79EFBC}") = "ConsoleUI", "ConsoleUI\ConsoleUI.csproj", "{71A58E58-09CB-4BEE-8650-C0D1C9AE3BB4}"
EndProject
Global
	GlobalSection(SolutionConfigurationPlatforms) = preSolution
		Debug|Any CPU = Debug|Any CPU
		Release|Any CPU = Release|Any CPU
	EndGlobalSection
	GlobalSection(ProjectConfigurationPlatforms) = postSolution
		{71A58E58-09CB-4BEE-8650-C0D1C9AE3BB4}.Debug|Any CPU.ActiveCfg = Debug|Any CPU
		{71A58E58-09CB-4BEE-8650-C0D1C9AE3BB4}.Debug|Any CPU.Build.0 = Debug|Any CPU
		{71A58E58-09CB-4BEE-8650-C0D1C9AE3BB4}.Release|Any CPU.ActiveCfg = Release|Any CPU
		{71A58E58-09CB-4BEE-8650-C0D1C9AE3BB4}.Release|Any CPU.Build.0 = Release|Any CPU
	EndGlobalSection
EndGlobal
